// !$*UTF8*$!
{
	archiveVersion = 1;
	classes = {
	};
	objectVersion = 46;
	objects = {

/* Begin PBXAggregateTarget section */
		A27E08F8188B9FE80092F5CA /* Documentation */ = {
			isa = PBXAggregateTarget;
			buildConfigurationList = A27E08F9188B9FE80092F5CA /* Build configuration list for PBXAggregateTarget "Documentation" */;
			buildPhases = (
				A27E08FC188BA0060092F5CA /* Generate Documentation */,
			);
			dependencies = (
			);
			name = Documentation;
			productName = Documentation;
		};
/* End PBXAggregateTarget section */

/* Begin PBXBuildFile section */
		5AAFC2F9B6D34615BD707314 /* libPods.a in Frameworks */ = {isa = PBXBuildFile; fileRef = 7E12E346320042AAB5512B08 /* libPods.a */; };
		A21C4ED318848BB30063467F /* Foundation.framework in Frameworks */ = {isa = PBXBuildFile; fileRef = A21C4ED218848BB30063467F /* Foundation.framework */; };
		A21C4ED618848BB30063467F /* main.m in Sources */ = {isa = PBXBuildFile; fileRef = A21C4ED518848BB30063467F /* main.m */; };
		A21C4EDA18848BB30063467F /* thingshub.1 in CopyFiles */ = {isa = PBXBuildFile; fileRef = A21C4ED918848BB30063467F /* thingshub.1 */; };
		A21C4EE218848D840063467F /* CDZThingsHubApplication.m in Sources */ = {isa = PBXBuildFile; fileRef = A21C4EE118848D840063467F /* CDZThingsHubApplication.m */; };
		A21C4EE818848FED0063467F /* CDZCLIPrint.m in Sources */ = {isa = PBXBuildFile; fileRef = A21C4EE718848FED0063467F /* CDZCLIPrint.m */; };
		A236CCE2188624DD0073F287 /* CDZThingsSyncDelegate.m in Sources */ = {isa = PBXBuildFile; fileRef = A236CCE1188624DD0073F287 /* CDZThingsSyncDelegate.m */; };
		A27E08F7188B720F0092F5CA /* NSDictionary+GithubAPIAdditions.m in Sources */ = {isa = PBXBuildFile; fileRef = A27E08F6188B720F0092F5CA /* NSDictionary+GithubAPIAdditions.m */; };
		A2E94DD51884B23800079CD3 /* CDZCLIApplication.m in Sources */ = {isa = PBXBuildFile; fileRef = A2E94DD41884B23800079CD3 /* CDZCLIApplication.m */; };
		A2E94DD81884D02900079CD3 /* NSFileHandle+CDZCLIStringReading.m in Sources */ = {isa = PBXBuildFile; fileRef = A2E94DD71884D02900079CD3 /* NSFileHandle+CDZCLIStringReading.m */; };
		A2E94DDB1884D75700079CD3 /* CDZGithubAuthManager.m in Sources */ = {isa = PBXBuildFile; fileRef = A2E94DDA1884D75700079CD3 /* CDZGithubAuthManager.m */; };
		A2E94DE11884DB3B00079CD3 /* SystemConfiguration.framework in Frameworks */ = {isa = PBXBuildFile; fileRef = A2E94DE01884DB3B00079CD3 /* SystemConfiguration.framework */; };
		A2E94DE41884EE8A00079CD3 /* CDZIssueSyncEngine.m in Sources */ = {isa = PBXBuildFile; fileRef = A2E94DE31884EE8A00079CD3 /* CDZIssueSyncEngine.m */; };
		A2E94DEA1884F41800079CD3 /* CDZThingsHubConfiguration.m in Sources */ = {isa = PBXBuildFile; fileRef = A2E94DE91884F41800079CD3 /* CDZThingsHubConfiguration.m */; };
		A2E94DED1885051E00079CD3 /* CDZThingsHubErrorDomain.m in Sources */ = {isa = PBXBuildFile; fileRef = A2E94DEC1885051E00079CD3 /* CDZThingsHubErrorDomain.m */; };
/* End PBXBuildFile section */

/* Begin PBXCopyFilesBuildPhase section */
		A21C4ECD18848BB30063467F /* CopyFiles */ = {
			isa = PBXCopyFilesBuildPhase;
			buildActionMask = 2147483647;
			dstPath = /usr/share/man/man1/;
			dstSubfolderSpec = 0;
			files = (
				A21C4EDA18848BB30063467F /* thingshub.1 in CopyFiles */,
			);
			runOnlyForDeploymentPostprocessing = 1;
		};
/* End PBXCopyFilesBuildPhase section */

/* Begin PBXFileReference section */
		7E12E346320042AAB5512B08 /* libPods.a */ = {isa = PBXFileReference; explicitFileType = archive.ar; includeInIndex = 0; path = libPods.a; sourceTree = BUILT_PRODUCTS_DIR; };
		A21C4ECF18848BB30063467F /* thingshub */ = {isa = PBXFileReference; explicitFileType = "compiled.mach-o.executable"; includeInIndex = 0; path = thingshub; sourceTree = BUILT_PRODUCTS_DIR; };
		A21C4ED218848BB30063467F /* Foundation.framework */ = {isa = PBXFileReference; lastKnownFileType = wrapper.framework; name = Foundation.framework; path = System/Library/Frameworks/Foundation.framework; sourceTree = SDKROOT; };
		A21C4ED518848BB30063467F /* main.m */ = {isa = PBXFileReference; lastKnownFileType = sourcecode.c.objc; path = main.m; sourceTree = "<group>"; };
		A21C4ED818848BB30063467F /* thingshub-Prefix.pch */ = {isa = PBXFileReference; lastKnownFileType = sourcecode.c.h; path = "thingshub-Prefix.pch"; sourceTree = "<group>"; };
		A21C4ED918848BB30063467F /* thingshub.1 */ = {isa = PBXFileReference; lastKnownFileType = text.man; path = thingshub.1; sourceTree = "<group>"; };
		A21C4EE018848D840063467F /* CDZThingsHubApplication.h */ = {isa = PBXFileReference; fileEncoding = 4; lastKnownFileType = sourcecode.c.h; path = CDZThingsHubApplication.h; sourceTree = "<group>"; };
		A21C4EE118848D840063467F /* CDZThingsHubApplication.m */ = {isa = PBXFileReference; fileEncoding = 4; lastKnownFileType = sourcecode.c.objc; path = CDZThingsHubApplication.m; sourceTree = "<group>"; };
		A21C4EE618848FED0063467F /* CDZCLIPrint.h */ = {isa = PBXFileReference; fileEncoding = 4; lastKnownFileType = sourcecode.c.h; path = CDZCLIPrint.h; sourceTree = "<group>"; };
		A21C4EE718848FED0063467F /* CDZCLIPrint.m */ = {isa = PBXFileReference; fileEncoding = 4; lastKnownFileType = sourcecode.c.objc; path = CDZCLIPrint.m; sourceTree = "<group>"; };
		A236CCDD188619870073F287 /* Things.h */ = {isa = PBXFileReference; lastKnownFileType = sourcecode.c.h; path = Things.h; sourceTree = "<group>"; };
		A236CCDF188623C50073F287 /* CDZIssueSyncDelegate.h */ = {isa = PBXFileReference; lastKnownFileType = sourcecode.c.h; path = CDZIssueSyncDelegate.h; sourceTree = "<group>"; };
		A236CCE0188624DD0073F287 /* CDZThingsSyncDelegate.h */ = {isa = PBXFileReference; fileEncoding = 4; lastKnownFileType = sourcecode.c.h; path = CDZThingsSyncDelegate.h; sourceTree = "<group>"; };
		A236CCE1188624DD0073F287 /* CDZThingsSyncDelegate.m */ = {isa = PBXFileReference; fileEncoding = 4; lastKnownFileType = sourcecode.c.objc; lineEnding = 0; path = CDZThingsSyncDelegate.m; sourceTree = "<group>"; xcLanguageSpecificationIdentifier = xcode.lang.objc; };
		A27E08F5188B720F0092F5CA /* NSDictionary+GithubAPIAdditions.h */ = {isa = PBXFileReference; fileEncoding = 4; lastKnownFileType = sourcecode.c.h; lineEnding = 0; path = "NSDictionary+GithubAPIAdditions.h"; sourceTree = "<group>"; xcLanguageSpecificationIdentifier = xcode.lang.objcpp; };
		A27E08F6188B720F0092F5CA /* NSDictionary+GithubAPIAdditions.m */ = {isa = PBXFileReference; fileEncoding = 4; lastKnownFileType = sourcecode.c.objc; lineEnding = 0; path = "NSDictionary+GithubAPIAdditions.m"; sourceTree = "<group>"; xcLanguageSpecificationIdentifier = xcode.lang.objc; };
		A2E94DD31884B23800079CD3 /* CDZCLIApplication.h */ = {isa = PBXFileReference; fileEncoding = 4; lastKnownFileType = sourcecode.c.h; path = CDZCLIApplication.h; sourceTree = "<group>"; };
		A2E94DD41884B23800079CD3 /* CDZCLIApplication.m */ = {isa = PBXFileReference; fileEncoding = 4; lastKnownFileType = sourcecode.c.objc; path = CDZCLIApplication.m; sourceTree = "<group>"; };
		A2E94DD61884D02900079CD3 /* NSFileHandle+CDZCLIStringReading.h */ = {isa = PBXFileReference; fileEncoding = 4; lastKnownFileType = sourcecode.c.h; path = "NSFileHandle+CDZCLIStringReading.h"; sourceTree = "<group>"; };
		A2E94DD71884D02900079CD3 /* NSFileHandle+CDZCLIStringReading.m */ = {isa = PBXFileReference; fileEncoding = 4; lastKnownFileType = sourcecode.c.objc; path = "NSFileHandle+CDZCLIStringReading.m"; sourceTree = "<group>"; };
		A2E94DD91884D75700079CD3 /* CDZGithubAuthManager.h */ = {isa = PBXFileReference; fileEncoding = 4; lastKnownFileType = sourcecode.c.h; path = CDZGithubAuthManager.h; sourceTree = "<group>"; };
		A2E94DDA1884D75700079CD3 /* CDZGithubAuthManager.m */ = {isa = PBXFileReference; fileEncoding = 4; lastKnownFileType = sourcecode.c.objc; path = CDZGithubAuthManager.m; sourceTree = "<group>"; };
		A2E94DE01884DB3B00079CD3 /* SystemConfiguration.framework */ = {isa = PBXFileReference; lastKnownFileType = wrapper.framework; name = SystemConfiguration.framework; path = System/Library/Frameworks/SystemConfiguration.framework; sourceTree = SDKROOT; };
		A2E94DE21884EE8A00079CD3 /* CDZIssueSyncEngine.h */ = {isa = PBXFileReference; fileEncoding = 4; lastKnownFileType = sourcecode.c.h; path = CDZIssueSyncEngine.h; sourceTree = "<group>"; };
		A2E94DE31884EE8A00079CD3 /* CDZIssueSyncEngine.m */ = {isa = PBXFileReference; fileEncoding = 4; lastKnownFileType = sourcecode.c.objc; path = CDZIssueSyncEngine.m; sourceTree = "<group>"; };
		A2E94DE81884F41800079CD3 /* CDZThingsHubConfiguration.h */ = {isa = PBXFileReference; fileEncoding = 4; lastKnownFileType = sourcecode.c.h; path = CDZThingsHubConfiguration.h; sourceTree = "<group>"; };
		A2E94DE91884F41800079CD3 /* CDZThingsHubConfiguration.m */ = {isa = PBXFileReference; fileEncoding = 4; lastKnownFileType = sourcecode.c.objc; path = CDZThingsHubConfiguration.m; sourceTree = "<group>"; };
		A2E94DEB1885051E00079CD3 /* CDZThingsHubErrorDomain.h */ = {isa = PBXFileReference; fileEncoding = 4; lastKnownFileType = sourcecode.c.h; path = CDZThingsHubErrorDomain.h; sourceTree = "<group>"; };
		A2E94DEC1885051E00079CD3 /* CDZThingsHubErrorDomain.m */ = {isa = PBXFileReference; fileEncoding = 4; lastKnownFileType = sourcecode.c.objc; path = CDZThingsHubErrorDomain.m; sourceTree = "<group>"; };
		FB9DF1999D354CBC87C8A6D5 /* Pods.xcconfig */ = {isa = PBXFileReference; includeInIndex = 1; lastKnownFileType = text.xcconfig; name = Pods.xcconfig; path = Pods/Pods.xcconfig; sourceTree = "<group>"; };
/* End PBXFileReference section */

/* Begin PBXFrameworksBuildPhase section */
		A21C4ECC18848BB30063467F /* Frameworks */ = {
			isa = PBXFrameworksBuildPhase;
			buildActionMask = 2147483647;
			files = (
				A2E94DE11884DB3B00079CD3 /* SystemConfiguration.framework in Frameworks */,
				A21C4ED318848BB30063467F /* Foundation.framework in Frameworks */,
				5AAFC2F9B6D34615BD707314 /* libPods.a in Frameworks */,
			);
			runOnlyForDeploymentPostprocessing = 0;
		};
/* End PBXFrameworksBuildPhase section */

/* Begin PBXGroup section */
		A21C4EC618848BB30063467F = {
			isa = PBXGroup;
			children = (
				A21C4ED418848BB30063467F /* thingshub */,
				A21C4ED118848BB30063467F /* Frameworks */,
				A21C4ED018848BB30063467F /* Products */,
				FB9DF1999D354CBC87C8A6D5 /* Pods.xcconfig */,
			);
			sourceTree = "<group>";
		};
		A21C4ED018848BB30063467F /* Products */ = {
			isa = PBXGroup;
			children = (
				A21C4ECF18848BB30063467F /* thingshub */,
			);
			name = Products;
			sourceTree = "<group>";
		};
		A21C4ED118848BB30063467F /* Frameworks */ = {
			isa = PBXGroup;
			children = (
				A2E94DE01884DB3B00079CD3 /* SystemConfiguration.framework */,
				A21C4ED218848BB30063467F /* Foundation.framework */,
				7E12E346320042AAB5512B08 /* libPods.a */,
			);
			name = Frameworks;
			sourceTree = "<group>";
		};
		A21C4ED418848BB30063467F /* thingshub */ = {
			isa = PBXGroup;
			children = (
				A2E94DDC1884D75D00079CD3 /* CDZCLI Core */,
				A21C4EE018848D840063467F /* CDZThingsHubApplication.h */,
				A21C4EE118848D840063467F /* CDZThingsHubApplication.m */,
				A2E94DD91884D75700079CD3 /* CDZGithubAuthManager.h */,
				A2E94DDA1884D75700079CD3 /* CDZGithubAuthManager.m */,
				A236CCDF188623C50073F287 /* CDZIssueSyncDelegate.h */,
				A2E94DE21884EE8A00079CD3 /* CDZIssueSyncEngine.h */,
				A2E94DE31884EE8A00079CD3 /* CDZIssueSyncEngine.m */,
				A236CCE0188624DD0073F287 /* CDZThingsSyncDelegate.h */,
				A236CCE1188624DD0073F287 /* CDZThingsSyncDelegate.m */,
				A2E94DE81884F41800079CD3 /* CDZThingsHubConfiguration.h */,
				A2E94DE91884F41800079CD3 /* CDZThingsHubConfiguration.m */,
				A2E94DEB1885051E00079CD3 /* CDZThingsHubErrorDomain.h */,
				A2E94DEC1885051E00079CD3 /* CDZThingsHubErrorDomain.m */,
				A27E08F5188B720F0092F5CA /* NSDictionary+GithubAPIAdditions.h */,
				A27E08F6188B720F0092F5CA /* NSDictionary+GithubAPIAdditions.m */,
				A236CCDD188619870073F287 /* Things.h */,
				A21C4ED918848BB30063467F /* thingshub.1 */,
				A21C4ED718848BB30063467F /* Supporting Files */,
			);
			path = thingshub;
			sourceTree = "<group>";
		};
		A21C4ED718848BB30063467F /* Supporting Files */ = {
			isa = PBXGroup;
			children = (
				A21C4ED818848BB30063467F /* thingshub-Prefix.pch */,
			);
			name = "Supporting Files";
			sourceTree = "<group>";
		};
		A2E94DDC1884D75D00079CD3 /* CDZCLI Core */ = {
			isa = PBXGroup;
			children = (
				A2E94DDD1884D77B00079CD3 /* Categories */,
				A21C4ED518848BB30063467F /* main.m */,
				A2E94DD31884B23800079CD3 /* CDZCLIApplication.h */,
				A2E94DD41884B23800079CD3 /* CDZCLIApplication.m */,
				A21C4EE618848FED0063467F /* CDZCLIPrint.h */,
				A21C4EE718848FED0063467F /* CDZCLIPrint.m */,
			);
			name = "CDZCLI Core";
			sourceTree = "<group>";
		};
		A2E94DDD1884D77B00079CD3 /* Categories */ = {
			isa = PBXGroup;
			children = (
				A2E94DD61884D02900079CD3 /* NSFileHandle+CDZCLIStringReading.h */,
				A2E94DD71884D02900079CD3 /* NSFileHandle+CDZCLIStringReading.m */,
			);
			name = Categories;
			sourceTree = "<group>";
		};
/* End PBXGroup section */

/* Begin PBXNativeTarget section */
		A21C4ECE18848BB30063467F /* thingshub */ = {
			isa = PBXNativeTarget;
			buildConfigurationList = A21C4EDD18848BB30063467F /* Build configuration list for PBXNativeTarget "thingshub" */;
			buildPhases = (
				3AD16566F5AC4B42A8EDF1B2 /* Check Pods Manifest.lock */,
				A21C4ECB18848BB30063467F /* Sources */,
				A21C4ECC18848BB30063467F /* Frameworks */,
				A21C4ECD18848BB30063467F /* CopyFiles */,
				C7485882D396477EBE93EC8C /* Copy Pods Resources */,
			);
			buildRules = (
			);
			dependencies = (
			);
			name = thingshub;
			productName = thingshub;
			productReference = A21C4ECF18848BB30063467F /* thingshub */;
			productType = "com.apple.product-type.tool";
		};
/* End PBXNativeTarget section */

/* Begin PBXProject section */
		A21C4EC718848BB30063467F /* Project object */ = {
			isa = PBXProject;
			attributes = {
				LastUpgradeCheck = 0500;
				ORGANIZATIONNAME = "Chris Dzombak";
			};
			buildConfigurationList = A21C4ECA18848BB30063467F /* Build configuration list for PBXProject "thingshub" */;
			compatibilityVersion = "Xcode 3.2";
			developmentRegion = English;
			hasScannedForEncodings = 0;
			knownRegions = (
				en,
			);
			mainGroup = A21C4EC618848BB30063467F;
			productRefGroup = A21C4ED018848BB30063467F /* Products */;
			projectDirPath = "";
			projectRoot = "";
			targets = (
				A21C4ECE18848BB30063467F /* thingshub */,
				A27E08F8188B9FE80092F5CA /* Documentation */,
			);
		};
/* End PBXProject section */

/* Begin PBXShellScriptBuildPhase section */
		3AD16566F5AC4B42A8EDF1B2 /* Check Pods Manifest.lock */ = {
			isa = PBXShellScriptBuildPhase;
			buildActionMask = 2147483647;
			files = (
			);
			inputPaths = (
			);
			name = "Check Pods Manifest.lock";
			outputPaths = (
			);
			runOnlyForDeploymentPostprocessing = 0;
			shellPath = /bin/sh;
			shellScript = "diff \"${PODS_ROOT}/../Podfile.lock\" \"${PODS_ROOT}/Manifest.lock\" > /dev/null\nif [[ $? != 0 ]] ; then\n    cat << EOM\nerror: The sandbox is not in sync with the Podfile.lock. Run 'pod install' or update your CocoaPods installation.\nEOM\n    exit 1\nfi\n";
			showEnvVarsInLog = 0;
		};
		A27E08FC188BA0060092F5CA /* Generate Documentation */ = {
			isa = PBXShellScriptBuildPhase;
			buildActionMask = 2147483647;
			files = (
			);
			inputPaths = (
			);
			name = "Generate Documentation";
			outputPaths = (
			);
			runOnlyForDeploymentPostprocessing = 0;
			shellPath = /bin/sh;
			shellScript = "export PATH=\"$PATH\":/usr/local/bin\n\nif [[ -x $(which appledoc) ]]; then\n    /usr/bin/env appledoc \\\n        --logformat xcode \\\n        --exit-threshold 2 \\\n        --project-name \"ThingsHub\" \\\n        --project-company \"Chris Dzombak\" \\\n        --company-id com.cdzombak \\\n        --index-desc README.md \\\n        --output Documentation \\\n    thingshub\nfi";
			showEnvVarsInLog = 0;
		};
		C7485882D396477EBE93EC8C /* Copy Pods Resources */ = {
			isa = PBXShellScriptBuildPhase;
			buildActionMask = 2147483647;
			files = (
			);
			inputPaths = (
			);
			name = "Copy Pods Resources";
			outputPaths = (
			);
			runOnlyForDeploymentPostprocessing = 0;
			shellPath = /bin/sh;
			shellScript = "\"${SRCROOT}/Pods/Pods-resources.sh\"\n";
			showEnvVarsInLog = 0;
		};
/* End PBXShellScriptBuildPhase section */

/* Begin PBXSourcesBuildPhase section */
		A21C4ECB18848BB30063467F /* Sources */ = {
			isa = PBXSourcesBuildPhase;
			buildActionMask = 2147483647;
			files = (
				A236CCE2188624DD0073F287 /* CDZThingsSyncDelegate.m in Sources */,
				A2E94DE41884EE8A00079CD3 /* CDZIssueSyncEngine.m in Sources */,
				A2E94DD81884D02900079CD3 /* NSFileHandle+CDZCLIStringReading.m in Sources */,
				A21C4ED618848BB30063467F /* main.m in Sources */,
				A27E08F7188B720F0092F5CA /* NSDictionary+GithubAPIAdditions.m in Sources */,
				A2E94DEA1884F41800079CD3 /* CDZThingsHubConfiguration.m in Sources */,
				A2E94DDB1884D75700079CD3 /* CDZGithubAuthManager.m in Sources */,
				A2E94DD51884B23800079CD3 /* CDZCLIApplication.m in Sources */,
				A21C4EE818848FED0063467F /* CDZCLIPrint.m in Sources */,
				A21C4EE218848D840063467F /* CDZThingsHubApplication.m in Sources */,
				A2E94DED1885051E00079CD3 /* CDZThingsHubErrorDomain.m in Sources */,
			);
			runOnlyForDeploymentPostprocessing = 0;
		};
/* End PBXSourcesBuildPhase section */

/* Begin XCBuildConfiguration section */
		A21C4EDB18848BB30063467F /* Debug */ = {
			isa = XCBuildConfiguration;
			buildSettings = {
				ALWAYS_SEARCH_USER_PATHS = NO;
				CLANG_ANALYZER_SECURITY_FLOATLOOPCOUNTER = YES;
				CLANG_ANALYZER_SECURITY_INSECUREAPI_RAND = YES;
				CLANG_ANALYZER_SECURITY_INSECUREAPI_STRCPY = YES;
				CLANG_CXX_LANGUAGE_STANDARD = "gnu++0x";
				CLANG_CXX_LIBRARY = "libc++";
				CLANG_ENABLE_MODULES = YES;
				CLANG_ENABLE_OBJC_ARC = YES;
				CLANG_WARN_BOOL_CONVERSION = YES;
				CLANG_WARN_CONSTANT_CONVERSION = YES;
				CLANG_WARN_DIRECT_OBJC_ISA_USAGE = YES_ERROR;
				CLANG_WARN_EMPTY_BODY = YES;
				CLANG_WARN_ENUM_CONVERSION = YES;
				CLANG_WARN_IMPLICIT_SIGN_CONVERSION = YES;
				CLANG_WARN_INT_CONVERSION = YES;
				CLANG_WARN_OBJC_IMPLICIT_ATOMIC_PROPERTIES = YES;
				CLANG_WARN_OBJC_IMPLICIT_RETAIN_SELF = YES;
				CLANG_WARN_OBJC_REPEATED_USE_OF_WEAK = YES;
				CLANG_WARN_OBJC_ROOT_CLASS = YES_ERROR;
				CLANG_WARN_SUSPICIOUS_IMPLICIT_CONVERSION = YES;
				CLANG_WARN__DUPLICATE_METHOD_MATCH = YES;
				COPY_PHASE_STRIP = NO;
				GCC_C_LANGUAGE_STANDARD = gnu99;
				GCC_DYNAMIC_NO_PIC = NO;
				GCC_ENABLE_OBJC_EXCEPTIONS = YES;
				GCC_OPTIMIZATION_LEVEL = 0;
				GCC_PREPROCESSOR_DEFINITIONS = (
					"DEBUG=1",
					"$(inherited)",
				);
				GCC_SYMBOLS_PRIVATE_EXTERN = NO;
				GCC_WARN_64_TO_32_BIT_CONVERSION = YES;
				GCC_WARN_ABOUT_MISSING_NEWLINE = YES;
				GCC_WARN_ABOUT_RETURN_TYPE = YES_ERROR;
				GCC_WARN_PEDANTIC = YES;
				GCC_WARN_SHADOW = YES;
				GCC_WARN_SIGN_COMPARE = YES;
				GCC_WARN_UNDECLARED_SELECTOR = YES;
				GCC_WARN_UNINITIALIZED_AUTOS = YES;
				GCC_WARN_UNUSED_FUNCTION = YES;
				GCC_WARN_UNUSED_VARIABLE = YES;
				MACOSX_DEPLOYMENT_TARGET = 10.9;
				ONLY_ACTIVE_ARCH = YES;
				OTHER_CFLAGS = "-Wno-gnu";
				RUN_CLANG_STATIC_ANALYZER = YES;
				SDKROOT = macosx;
			};
			name = Debug;
		};
		A21C4EDC18848BB30063467F /* Release */ = {
			isa = XCBuildConfiguration;
			buildSettings = {
				ALWAYS_SEARCH_USER_PATHS = NO;
				CLANG_ANALYZER_SECURITY_FLOATLOOPCOUNTER = YES;
				CLANG_ANALYZER_SECURITY_INSECUREAPI_RAND = YES;
				CLANG_ANALYZER_SECURITY_INSECUREAPI_STRCPY = YES;
				CLANG_CXX_LANGUAGE_STANDARD = "gnu++0x";
				CLANG_CXX_LIBRARY = "libc++";
				CLANG_ENABLE_MODULES = YES;
				CLANG_ENABLE_OBJC_ARC = YES;
				CLANG_WARN_BOOL_CONVERSION = YES;
				CLANG_WARN_CONSTANT_CONVERSION = YES;
				CLANG_WARN_DIRECT_OBJC_ISA_USAGE = YES_ERROR;
				CLANG_WARN_EMPTY_BODY = YES;
				CLANG_WARN_ENUM_CONVERSION = YES;
				CLANG_WARN_IMPLICIT_SIGN_CONVERSION = YES;
				CLANG_WARN_INT_CONVERSION = YES;
				CLANG_WARN_OBJC_IMPLICIT_ATOMIC_PROPERTIES = YES;
				CLANG_WARN_OBJC_IMPLICIT_RETAIN_SELF = YES;
				CLANG_WARN_OBJC_REPEATED_USE_OF_WEAK = YES;
				CLANG_WARN_OBJC_ROOT_CLASS = YES_ERROR;
				CLANG_WARN_SUSPICIOUS_IMPLICIT_CONVERSION = YES;
				CLANG_WARN__DUPLICATE_METHOD_MATCH = YES;
				COPY_PHASE_STRIP = YES;
				DEBUG_INFORMATION_FORMAT = "dwarf-with-dsym";
				ENABLE_NS_ASSERTIONS = NO;
				GCC_C_LANGUAGE_STANDARD = gnu99;
				GCC_ENABLE_OBJC_EXCEPTIONS = YES;
				GCC_TREAT_WARNINGS_AS_ERRORS = YES;
				GCC_WARN_64_TO_32_BIT_CONVERSION = YES;
				GCC_WARN_ABOUT_MISSING_NEWLINE = YES;
				GCC_WARN_ABOUT_RETURN_TYPE = YES_ERROR;
				GCC_WARN_PEDANTIC = YES;
				GCC_WARN_SHADOW = YES;
				GCC_WARN_SIGN_COMPARE = YES;
				GCC_WARN_UNDECLARED_SELECTOR = YES;
				GCC_WARN_UNINITIALIZED_AUTOS = YES;
				GCC_WARN_UNUSED_FUNCTION = YES;
				GCC_WARN_UNUSED_VARIABLE = YES;
				MACOSX_DEPLOYMENT_TARGET = 10.9;
				OTHER_CFLAGS = "-Wno-gnu";
				RUN_CLANG_STATIC_ANALYZER = YES;
				SDKROOT = macosx;
			};
			name = Release;
		};
		A21C4EDE18848BB30063467F /* Debug */ = {
			isa = XCBuildConfiguration;
			baseConfigurationReference = FB9DF1999D354CBC87C8A6D5 /* Pods.xcconfig */;
			buildSettings = {
				GCC_PRECOMPILE_PREFIX_HEADER = YES;
				GCC_PREFIX_HEADER = "thingshub/thingshub-Prefix.pch";
				PRODUCT_NAME = "$(TARGET_NAME)";
			};
			name = Debug;
		};
		A21C4EDF18848BB30063467F /* Release */ = {
			isa = XCBuildConfiguration;
			baseConfigurationReference = FB9DF1999D354CBC87C8A6D5 /* Pods.xcconfig */;
			buildSettings = {
				GCC_PRECOMPILE_PREFIX_HEADER = YES;
				GCC_PREFIX_HEADER = "thingshub/thingshub-Prefix.pch";
				PRODUCT_NAME = "$(TARGET_NAME)";
			};
			name = Release;
		};
		A27E08FA188B9FE80092F5CA /* Debug */ = {
			isa = XCBuildConfiguration;
			buildSettings = {
				PRODUCT_NAME = "$(TARGET_NAME)";
			};
			name = Debug;
		};
		A27E08FB188B9FE80092F5CA /* Release */ = {
			isa = XCBuildConfiguration;
			buildSettings = {
				PRODUCT_NAME = "$(TARGET_NAME)";
			};
			name = Release;
		};
/* End XCBuildConfiguration section */

/* Begin XCConfigurationList section */
		A21C4ECA18848BB30063467F /* Build configuration list for PBXProject "thingshub" */ = {
			isa = XCConfigurationList;
			buildConfigurations = (
				A21C4EDB18848BB30063467F /* Debug */,
				A21C4EDC18848BB30063467F /* Release */,
			);
			defaultConfigurationIsVisible = 0;
			defaultConfigurationName = Release;
		};
		A21C4EDD18848BB30063467F /* Build configuration list for PBXNativeTarget "thingshub" */ = {
			isa = XCConfigurationList;
			buildConfigurations = (
				A21C4EDE18848BB30063467F /* Debug */,
				A21C4EDF18848BB30063467F /* Release */,
			);
			defaultConfigurationIsVisible = 0;
			defaultConfigurationName = Release;
		};
		A27E08F9188B9FE80092F5CA /* Build configuration list for PBXAggregateTarget "Documentation" */ = {
			isa = XCConfigurationList;
			buildConfigurations = (
				A27E08FA188B9FE80092F5CA /* Debug */,
				A27E08FB188B9FE80092F5CA /* Release */,
			);
			defaultConfigurationIsVisible = 0;
			defaultConfigurationName = Release;
		};
/* End XCConfigurationList section */
	};
	rootObject = A21C4EC718848BB30063467F /* Project object */;
}
